
Microsoft Visual Studio Solution File, Format Version 12.00
# Visual Studio Version 17
VisualStudioVersion = 17.13.35825.156 d17.13
MinimumVisualStudioVersion = 10.0.40219.1
Project("{FAE04EC0-301F-11D3-BF4B-00C04F79EFBC}") = "ShoesAtt2", "ShoesAtt2\ShoesAtt2.csproj", "{D3DC32BD-7412-405D-A2B2-940086227A10}"
EndProject
Global
	GlobalSection(SolutionConfigurationPlatforms) = preSolution
		Debug|Any CPU = Debug|Any CPU
		Release|Any CPU = Release|Any CPU
	EndGlobalSection
	GlobalSection(ProjectConfigurationPlatforms) = postSolution
		{D3DC32BD-7412-405D-A2B2-940086227A10}.Debug|Any CPU.ActiveCfg = Debug|Any CPU
		{D3DC32BD-7412-405D-A2B2-940086227A10}.Debug|Any CPU.Build.0 = Debug|Any CPU
		{D3DC32BD-7412-405D-A2B2-940086227A10}.Release|Any CPU.ActiveCfg = Release|Any CPU
		{D3DC32BD-7412-405D-A2B2-940086227A10}.Release|Any CPU.Build.0 = Release|Any CPU
	EndGlobalSection
	GlobalSection(SolutionProperties) = preSolution
		HideSolutionNode = FALSE
	EndGlobalSection
	GlobalSection(ExtensibilityGlobals) = postSolution
		SolutionGuid = {78F54154-64A9-4A1D-942C-EBFD15C3403C}
	EndGlobalSection
EndGlobal
